// !$*UTF8*$!
{
	archiveVersion = 1;
	classes = {
	};
	objectVersion = 46;
	objects = {

/* Begin PBXBuildFile section */
		B571A3521C239D43009739B9 /* GLKit.framework in Frameworks */ = {isa = PBXBuildFile; fileRef = B571A3511C239D43009739B9 /* GLKit.framework */; };
		B571A3541C239D4C009739B9 /* OpenGLES.framework in Frameworks */ = {isa = PBXBuildFile; fileRef = B571A3531C239D4C009739B9 /* OpenGLES.framework */; };
		B571A3561C239D84009739B9 /* CoreGraphics.framework in Frameworks */ = {isa = PBXBuildFile; fileRef = B571A3551C239D84009739B9 /* CoreGraphics.framework */; };
		B571A3581C239D8F009739B9 /* QuartzCore.framework in Frameworks */ = {isa = PBXBuildFile; fileRef = B571A3571C239D8F009739B9 /* QuartzCore.framework */; };
		B578A25A1C22B08700C6B47C /* main.m in Sources */ = {isa = PBXBuildFile; fileRef = B578A2591C22B08700C6B47C /* main.m */; };
		B578A25D1C22B08700C6B47C /* AppDelegate.m in Sources */ = {isa = PBXBuildFile; fileRef = B578A25C1C22B08700C6B47C /* AppDelegate.m */; };
		B578A2601C22B08700C6B47C /* ViewController.m in Sources */ = {isa = PBXBuildFile; fileRef = B578A25F1C22B08700C6B47C /* ViewController.m */; };
		B578A2631C22B08700C6B47C /* Main.storyboard in Resources */ = {isa = PBXBuildFile; fileRef = B578A2611C22B08700C6B47C /* Main.storyboard */; };
		B578A2651C22B08700C6B47C /* Assets.xcassets in Resources */ = {isa = PBXBuildFile; fileRef = B578A2641C22B08700C6B47C /* Assets.xcassets */; };
		B578A2681C22B08700C6B47C /* LaunchScreen.storyboard in Resources */ = {isa = PBXBuildFile; fileRef = B578A2661C22B08700C6B47C /* LaunchScreen.storyboard */; };
		B578A2731C22B08700C6B47C /* Ton_DrawWithOpenGLTests.m in Sources */ = {isa = PBXBuildFile; fileRef = B578A2721C22B08700C6B47C /* Ton_DrawWithOpenGLTests.m */; };
		B578A27E1C22B08700C6B47C /* Ton_DrawWithOpenGLUITests.m in Sources */ = {isa = PBXBuildFile; fileRef = B578A27D1C22B08700C6B47C /* Ton_DrawWithOpenGLUITests.m */; };
		B578A28C1C22B40600C6B47C /* Earth.jpg in Resources */ = {isa = PBXBuildFile; fileRef = B578A28B1C22B40600C6B47C /* Earth.jpg */; };
		B578A2901C22B53E00C6B47C /* Ton_Transformations.m in Sources */ = {isa = PBXBuildFile; fileRef = B578A28F1C22B53E00C6B47C /* Ton_Transformations.m */; };
/* End PBXBuildFile section */

/* Begin PBXContainerItemProxy section */
		B578A26F1C22B08700C6B47C /* PBXContainerItemProxy */ = {
			isa = PBXContainerItemProxy;
			containerPortal = B578A24D1C22B08700C6B47C /* Project object */;
			proxyType = 1;
			remoteGlobalIDString = B578A2541C22B08700C6B47C;
			remoteInfo = Ton_DrawWithOpenGL;
		};
		B578A27A1C22B08700C6B47C /* PBXContainerItemProxy */ = {
			isa = PBXContainerItemProxy;
			containerPortal = B578A24D1C22B08700C6B47C /* Project object */;
			proxyType = 1;
			remoteGlobalIDString = B578A2541C22B08700C6B47C;
			remoteInfo = Ton_DrawWithOpenGL;
		};
/* End PBXContainerItemProxy section */

/* Begin PBXFileReference section */
		B571A3511C239D43009739B9 /* GLKit.framework */ = {isa = PBXFileReference; lastKnownFileType = wrapper.framework; name = GLKit.framework; path = System/Library/Frameworks/GLKit.framework; sourceTree = SDKROOT; };
		B571A3531C239D4C009739B9 /* OpenGLES.framework */ = {isa = PBXFileReference; lastKnownFileType = wrapper.framework; name = OpenGLES.framework; path = System/Library/Frameworks/OpenGLES.framework; sourceTree = SDKROOT; };
		B571A3551C239D84009739B9 /* CoreGraphics.framework */ = {isa = PBXFileReference; lastKnownFileType = wrapper.framework; name = CoreGraphics.framework; path = System/Library/Frameworks/CoreGraphics.framework; sourceTree = SDKROOT; };
		B571A3571C239D8F009739B9 /* QuartzCore.framework */ = {isa = PBXFileReference; lastKnownFileType = wrapper.framework; name = QuartzCore.framework; path = System/Library/Frameworks/QuartzCore.framework; sourceTree = SDKROOT; };
		B578A2551C22B08700C6B47C /* Ton_DrawWithOpenGL.app */ = {isa = PBXFileReference; explicitFileType = wrapper.application; includeInIndex = 0; path = Ton_DrawWithOpenGL.app; sourceTree = BUILT_PRODUCTS_DIR; };
		B578A2591C22B08700C6B47C /* main.m */ = {isa = PBXFileReference; lastKnownFileType = sourcecode.c.objc; path = main.m; sourceTree = "<group>"; };
		B578A25B1C22B08700C6B47C /* AppDelegate.h */ = {isa = PBXFileReference; lastKnownFileType = sourcecode.c.h; path = AppDelegate.h; sourceTree = "<group>"; };
		B578A25C1C22B08700C6B47C /* AppDelegate.m */ = {isa = PBXFileReference; lastKnownFileType = sourcecode.c.objc; path = AppDelegate.m; sourceTree = "<group>"; };
		B578A25E1C22B08700C6B47C /* ViewController.h */ = {isa = PBXFileReference; lastKnownFileType = sourcecode.c.h; path = ViewController.h; sourceTree = "<group>"; };
		B578A25F1C22B08700C6B47C /* ViewController.m */ = {isa = PBXFileReference; lastKnownFileType = sourcecode.c.objc; path = ViewController.m; sourceTree = "<group>"; };
		B578A2621C22B08700C6B47C /* Base */ = {isa = PBXFileReference; lastKnownFileType = file.storyboard; name = Base; path = Base.lproj/Main.storyboard; sourceTree = "<group>"; };
		B578A2641C22B08700C6B47C /* Assets.xcassets */ = {isa = PBXFileReference; lastKnownFileType = folder.assetcatalog; path = Assets.xcassets; sourceTree = "<group>"; };
		B578A2671C22B08700C6B47C /* Base */ = {isa = PBXFileReference; lastKnownFileType = file.storyboard; name = Base; path = Base.lproj/LaunchScreen.storyboard; sourceTree = "<group>"; };
		B578A2691C22B08700C6B47C /* Info.plist */ = {isa = PBXFileReference; lastKnownFileType = text.plist.xml; path = Info.plist; sourceTree = "<group>"; };
		B578A26E1C22B08700C6B47C /* Ton_DrawWithOpenGLTests.xctest */ = {isa = PBXFileReference; explicitFileType = wrapper.cfbundle; includeInIndex = 0; path = Ton_DrawWithOpenGLTests.xctest; sourceTree = BUILT_PRODUCTS_DIR; };
		B578A2721C22B08700C6B47C /* Ton_DrawWithOpenGLTests.m */ = {isa = PBXFileReference; lastKnownFileType = sourcecode.c.objc; path = Ton_DrawWithOpenGLTests.m; sourceTree = "<group>"; };
		B578A2741C22B08700C6B47C /* Info.plist */ = {isa = PBXFileReference; lastKnownFileType = text.plist.xml; path = Info.plist; sourceTree = "<group>"; };
		B578A2791C22B08700C6B47C /* Ton_DrawWithOpenGLUITests.xctest */ = {isa = PBXFileReference; explicitFileType = wrapper.cfbundle; includeInIndex = 0; path = Ton_DrawWithOpenGLUITests.xctest; sourceTree = BUILT_PRODUCTS_DIR; };
		B578A27D1C22B08700C6B47C /* Ton_DrawWithOpenGLUITests.m */ = {isa = PBXFileReference; lastKnownFileType = sourcecode.c.objc; path = Ton_DrawWithOpenGLUITests.m; sourceTree = "<group>"; };
		B578A27F1C22B08700C6B47C /* Info.plist */ = {isa = PBXFileReference; lastKnownFileType = text.plist.xml; path = Info.plist; sourceTree = "<group>"; };
		B578A28B1C22B40600C6B47C /* Earth.jpg */ = {isa = PBXFileReference; lastKnownFileType = image.jpeg; path = Earth.jpg; sourceTree = "<group>"; };
		B578A28E1C22B53E00C6B47C /* Ton_Transformations.h */ = {isa = PBXFileReference; fileEncoding = 4; lastKnownFileType = sourcecode.c.h; path = Ton_Transformations.h; sourceTree = "<group>"; };
		B578A28F1C22B53E00C6B47C /* Ton_Transformations.m */ = {isa = PBXFileReference; fileEncoding = 4; lastKnownFileType = sourcecode.c.objc; path = Ton_Transformations.m; sourceTree = "<group>"; };
/* End PBXFileReference section */

/* Begin PBXFrameworksBuildPhase section */
		B578A2521C22B08700C6B47C /* Frameworks */ = {
			isa = PBXFrameworksBuildPhase;
			buildActionMask = 2147483647;
			files = (
				B571A3581C239D8F009739B9 /* QuartzCore.framework in Frameworks */,
				B571A3561C239D84009739B9 /* CoreGraphics.framework in Frameworks */,
				B571A3541C239D4C009739B9 /* OpenGLES.framework in Frameworks */,
				B571A3521C239D43009739B9 /* GLKit.framework in Frameworks */,
			);
			runOnlyForDeploymentPostprocessing = 0;
		};
		B578A26B1C22B08700C6B47C /* Frameworks */ = {
			isa = PBXFrameworksBuildPhase;
			buildActionMask = 2147483647;
			files = (
			);
			runOnlyForDeploymentPostprocessing = 0;
		};
		B578A2761C22B08700C6B47C /* Frameworks */ = {
			isa = PBXFrameworksBuildPhase;
			buildActionMask = 2147483647;
			files = (
			);
			runOnlyForDeploymentPostprocessing = 0;
		};
/* End PBXFrameworksBuildPhase section */

/* Begin PBXGroup section */
		B571A3501C239D16009739B9 /* Frameworks */ = {
			isa = PBXGroup;
			children = (
				B571A3571C239D8F009739B9 /* QuartzCore.framework */,
				B571A3551C239D84009739B9 /* CoreGraphics.framework */,
				B571A3531C239D4C009739B9 /* OpenGLES.framework */,
				B571A3511C239D43009739B9 /* GLKit.framework */,
			);
			name = Frameworks;
			sourceTree = "<group>";
		};
		B578A24C1C22B08700C6B47C = {
			isa = PBXGroup;
			children = (
				B571A3501C239D16009739B9 /* Frameworks */,
				B578A28D1C22B4DD00C6B47C /* Resources */,
				B578A2571C22B08700C6B47C /* Ton_DrawWithOpenGL */,
				B578A2711C22B08700C6B47C /* Ton_DrawWithOpenGLTests */,
				B578A27C1C22B08700C6B47C /* Ton_DrawWithOpenGLUITests */,
				B578A2561C22B08700C6B47C /* Products */,
			);
			sourceTree = "<group>";
		};
		B578A2561C22B08700C6B47C /* Products */ = {
			isa = PBXGroup;
			children = (
				B578A2551C22B08700C6B47C /* Ton_DrawWithOpenGL.app */,
				B578A26E1C22B08700C6B47C /* Ton_DrawWithOpenGLTests.xctest */,
				B578A2791C22B08700C6B47C /* Ton_DrawWithOpenGLUITests.xctest */,
			);
			name = Products;
			sourceTree = "<group>";
		};
		B578A2571C22B08700C6B47C /* Ton_DrawWithOpenGL */ = {
			isa = PBXGroup;
			children = (
				B578A28B1C22B40600C6B47C /* Earth.jpg */,
				B578A25B1C22B08700C6B47C /* AppDelegate.h */,
				B578A25C1C22B08700C6B47C /* AppDelegate.m */,
				B578A25E1C22B08700C6B47C /* ViewController.h */,
				B578A25F1C22B08700C6B47C /* ViewController.m */,
				B578A2611C22B08700C6B47C /* Main.storyboard */,
				B578A2641C22B08700C6B47C /* Assets.xcassets */,
				B578A2661C22B08700C6B47C /* LaunchScreen.storyboard */,
				B578A2691C22B08700C6B47C /* Info.plist */,
				B578A2581C22B08700C6B47C /* Supporting Files */,
			);
			path = Ton_DrawWithOpenGL;
			sourceTree = "<group>";
		};
		B578A2581C22B08700C6B47C /* Supporting Files */ = {
			isa = PBXGroup;
			children = (
				B578A2591C22B08700C6B47C /* main.m */,
			);
			name = "Supporting Files";
			sourceTree = "<group>";
		};
		B578A2711C22B08700C6B47C /* Ton_DrawWithOpenGLTests */ = {
			isa = PBXGroup;
			children = (
				B578A2721C22B08700C6B47C /* Ton_DrawWithOpenGLTests.m */,
				B578A2741C22B08700C6B47C /* Info.plist */,
			);
			path = Ton_DrawWithOpenGLTests;
			sourceTree = "<group>";
		};
		B578A27C1C22B08700C6B47C /* Ton_DrawWithOpenGLUITests */ = {
			isa = PBXGroup;
			children = (
				B578A27D1C22B08700C6B47C /* Ton_DrawWithOpenGLUITests.m */,
				B578A27F1C22B08700C6B47C /* Info.plist */,
			);
			path = Ton_DrawWithOpenGLUITests;
			sourceTree = "<group>";
		};
		B578A28D1C22B4DD00C6B47C /* Resources */ = {
			isa = PBXGroup;
			children = (
				B578A28E1C22B53E00C6B47C /* Ton_Transformations.h */,
				B578A28F1C22B53E00C6B47C /* Ton_Transformations.m */,
			);
			path = Resources;
			sourceTree = "<group>";
		};
/* End PBXGroup section */

/* Begin PBXNativeTarget section */
		B578A2541C22B08700C6B47C /* Ton_DrawWithOpenGL */ = {
			isa = PBXNativeTarget;
			buildConfigurationList = B578A2821C22B08700C6B47C /* Build configuration list for PBXNativeTarget "Ton_DrawWithOpenGL" */;
			buildPhases = (
				B578A2511C22B08700C6B47C /* Sources */,
				B578A2521C22B08700C6B47C /* Frameworks */,
				B578A2531C22B08700C6B47C /* Resources */,
			);
			buildRules = (
			);
			dependencies = (
			);
			name = Ton_DrawWithOpenGL;
			productName = Ton_DrawWithOpenGL;
			productReference = B578A2551C22B08700C6B47C /* Ton_DrawWithOpenGL.app */;
			productType = "com.apple.product-type.application";
		};
		B578A26D1C22B08700C6B47C /* Ton_DrawWithOpenGLTests */ = {
			isa = PBXNativeTarget;
			buildConfigurationList = B578A2851C22B08700C6B47C /* Build configuration list for PBXNativeTarget "Ton_DrawWithOpenGLTests" */;
			buildPhases = (
				B578A26A1C22B08700C6B47C /* Sources */,
				B578A26B1C22B08700C6B47C /* Frameworks */,
				B578A26C1C22B08700C6B47C /* Resources */,
			);
			buildRules = (
			);
			dependencies = (
				B578A2701C22B08700C6B47C /* PBXTargetDependency */,
			);
			name = Ton_DrawWithOpenGLTests;
			productName = Ton_DrawWithOpenGLTests;
			productReference = B578A26E1C22B08700C6B47C /* Ton_DrawWithOpenGLTests.xctest */;
			productType = "com.apple.product-type.bundle.unit-test";
		};
		B578A2781C22B08700C6B47C /* Ton_DrawWithOpenGLUITests */ = {
			isa = PBXNativeTarget;
			buildConfigurationList = B578A2881C22B08700C6B47C /* Build configuration list for PBXNativeTarget "Ton_DrawWithOpenGLUITests" */;
			buildPhases = (
				B578A2751C22B08700C6B47C /* Sources */,
				B578A2761C22B08700C6B47C /* Frameworks */,
				B578A2771C22B08700C6B47C /* Resources */,
			);
			buildRules = (
			);
			dependencies = (
				B578A27B1C22B08700C6B47C /* PBXTargetDependency */,
			);
			name = Ton_DrawWithOpenGLUITests;
			productName = Ton_DrawWithOpenGLUITests;
			productReference = B578A2791C22B08700C6B47C /* Ton_DrawWithOpenGLUITests.xctest */;
			productType = "com.apple.product-type.bundle.ui-testing";
		};
/* End PBXNativeTarget section */

/* Begin PBXProject section */
		B578A24D1C22B08700C6B47C /* Project object */ = {
			isa = PBXProject;
			attributes = {
				LastUpgradeCheck = 0720;
				ORGANIZATIONNAME = wang;
				TargetAttributes = {
					B578A2541C22B08700C6B47C = {
						CreatedOnToolsVersion = 7.2;
					};
					B578A26D1C22B08700C6B47C = {
						CreatedOnToolsVersion = 7.2;
						DevelopmentTeam = 7F4KH3KNWN;
						TestTargetID = B578A2541C22B08700C6B47C;
					};
					B578A2781C22B08700C6B47C = {
						CreatedOnToolsVersion = 7.2;
						DevelopmentTeam = 7F4KH3KNWN;
						TestTargetID = B578A2541C22B08700C6B47C;
					};
				};
			};
			buildConfigurationList = B578A2501C22B08700C6B47C /* Build configuration list for PBXProject "Ton_DrawWithOpenGL" */;
			compatibilityVersion = "Xcode 3.2";
			developmentRegion = English;
			hasScannedForEncodings = 0;
			knownRegions = (
				en,
				Base,
			);
			mainGroup = B578A24C1C22B08700C6B47C;
			productRefGroup = B578A2561C22B08700C6B47C /* Products */;
			projectDirPath = "";
			projectRoot = "";
			targets = (
				B578A2541C22B08700C6B47C /* Ton_DrawWithOpenGL */,
				B578A26D1C22B08700C6B47C /* Ton_DrawWithOpenGLTests */,
				B578A2781C22B08700C6B47C /* Ton_DrawWithOpenGLUITests */,
			);
		};
/* End PBXProject section */

/* Begin PBXResourcesBuildPhase section */
		B578A2531C22B08700C6B47C /* Resources */ = {
			isa = PBXResourcesBuildPhase;
			buildActionMask = 2147483647;
			files = (
				B578A28C1C22B40600C6B47C /* Earth.jpg in Resources */,
				B578A2681C22B08700C6B47C /* LaunchScreen.storyboard in Resources */,
				B578A2651C22B08700C6B47C /* Assets.xcassets in Resources */,
				B578A2631C22B08700C6B47C /* Main.storyboard in Resources */,
			);
			runOnlyForDeploymentPostprocessing = 0;
		};
		B578A26C1C22B08700C6B47C /* Resources */ = {
			isa = PBXResourcesBuildPhase;
			buildActionMask = 2147483647;
			files = (
			);
			runOnlyForDeploymentPostprocessing = 0;
		};
		B578A2771C22B08700C6B47C /* Resources */ = {
			isa = PBXResourcesBuildPhase;
			buildActionMask = 2147483647;
			files = (
			);
			runOnlyForDeploymentPostprocessing = 0;
		};
/* End PBXResourcesBuildPhase section */

/* Begin PBXSourcesBuildPhase section */
		B578A2511C22B08700C6B47C /* Sources */ = {
			isa = PBXSourcesBuildPhase;
			buildActionMask = 2147483647;
			files = (
				B578A2601C22B08700C6B47C /* ViewController.m in Sources */,
				B578A25D1C22B08700C6B47C /* AppDelegate.m in Sources */,
				B578A2901C22B53E00C6B47C /* Ton_Transformations.m in Sources */,
				B578A25A1C22B08700C6B47C /* main.m in Sources */,
			);
			runOnlyForDeploymentPostprocessing = 0;
		};
		B578A26A1C22B08700C6B47C /* Sources */ = {
			isa = PBXSourcesBuildPhase;
			buildActionMask = 2147483647;
			files = (
				B578A2731C22B08700C6B47C /* Ton_DrawWithOpenGLTests.m in Sources */,
			);
			runOnlyForDeploymentPostprocessing = 0;
		};
		B578A2751C22B08700C6B47C /* Sources */ = {
			isa = PBXSourcesBuildPhase;
			buildActionMask = 2147483647;
			files = (
				B578A27E1C22B08700C6B47C /* Ton_DrawWithOpenGLUITests.m in Sources */,
			);
			runOnlyForDeploymentPostprocessing = 0;
		};
/* End PBXSourcesBuildPhase section */

/* Begin PBXTargetDependency section */
		B578A2701C22B08700C6B47C /* PBXTargetDependency */ = {
			isa = PBXTargetDependency;
			target = B578A2541C22B08700C6B47C /* Ton_DrawWithOpenGL */;
			targetProxy = B578A26F1C22B08700C6B47C /* PBXContainerItemProxy */;
		};
		B578A27B1C22B08700C6B47C /* PBXTargetDependency */ = {
			isa = PBXTargetDependency;
			target = B578A2541C22B08700C6B47C /* Ton_DrawWithOpenGL */;
			targetProxy = B578A27A1C22B08700C6B47C /* PBXContainerItemProxy */;
		};
/* End PBXTargetDependency section */

/* Begin PBXVariantGroup section */
		B578A2611C22B08700C6B47C /* Main.storyboard */ = {
			isa = PBXVariantGroup;
			children = (
				B578A2621C22B08700C6B47C /* Base */,
			);
			name = Main.storyboard;
			sourceTree = "<group>";
		};
		B578A2661C22B08700C6B47C /* LaunchScreen.storyboard */ = {
			isa = PBXVariantGroup;
			children = (
				B578A2671C22B08700C6B47C /* Base */,
			);
			name = LaunchScreen.storyboard;
			sourceTree = "<group>";
		};
/* End PBXVariantGroup section */

/* Begin XCBuildConfiguration section */
		B578A2801C22B08700C6B47C /* Debug */ = {
			isa = XCBuildConfiguration;
			buildSettings = {
				ALWAYS_SEARCH_USER_PATHS = NO;
				CLANG_CXX_LANGUAGE_STANDARD = "gnu++0x";
				CLANG_CXX_LIBRARY = "libc++";
				CLANG_ENABLE_MODULES = YES;
				CLANG_ENABLE_OBJC_ARC = YES;
				CLANG_WARN_BOOL_CONVERSION = YES;
				CLANG_WARN_CONSTANT_CONVERSION = YES;
				CLANG_WARN_DIRECT_OBJC_ISA_USAGE = YES_ERROR;
				CLANG_WARN_EMPTY_BODY = YES;
				CLANG_WARN_ENUM_CONVERSION = YES;
				CLANG_WARN_INT_CONVERSION = YES;
				CLANG_WARN_OBJC_ROOT_CLASS = YES_ERROR;
				CLANG_WARN_UNREACHABLE_CODE = YES;
				CLANG_WARN__DUPLICATE_METHOD_MATCH = YES;
				CODE_SIGN_IDENTITY = "iPhone Developer";
				"CODE_SIGN_IDENTITY[sdk=iphoneos*]" = "iPhone Developer";
				COPY_PHASE_STRIP = NO;
				DEBUG_INFORMATION_FORMAT = dwarf;
				ENABLE_STRICT_OBJC_MSGSEND = YES;
				ENABLE_TESTABILITY = YES;
				GCC_C_LANGUAGE_STANDARD = gnu99;
				GCC_DYNAMIC_NO_PIC = NO;
				GCC_NO_COMMON_BLOCKS = YES;
				GCC_OPTIMIZATION_LEVEL = 0;
				GCC_PREPROCESSOR_DEFINITIONS = (
					"DEBUG=1",
					"$(inherited)",
				);
				GCC_WARN_64_TO_32_BIT_CONVERSION = YES;
				GCC_WARN_ABOUT_RETURN_TYPE = YES_ERROR;
				GCC_WARN_UNDECLARED_SELECTOR = YES;
				GCC_WARN_UNINITIALIZED_AUTOS = YES_AGGRESSIVE;
				GCC_WARN_UNUSED_FUNCTION = YES;
				GCC_WARN_UNUSED_VARIABLE = YES;
				IPHONEOS_DEPLOYMENT_TARGET = 9.2;
				MTL_ENABLE_DEBUG_INFO = YES;
				ONLY_ACTIVE_ARCH = YES;
				PROVISIONING_PROFILE = "7e16c3b5-ec9a-411d-8320-173dcbe2828f";
				SDKROOT = iphoneos;
			};
			name = Debug;
		};
		B578A2811C22B08700C6B47C /* Release */ = {
			isa = XCBuildConfiguration;
			buildSettings = {
				ALWAYS_SEARCH_USER_PATHS = NO;
				CLANG_CXX_LANGUAGE_STANDARD = "gnu++0x";
				CLANG_CXX_LIBRARY = "libc++";
				CLANG_ENABLE_MODULES = YES;
				CLANG_ENABLE_OBJC_ARC = YES;
				CLANG_WARN_BOOL_CONVERSION = YES;
				CLANG_WARN_CONSTANT_CONVERSION = YES;
				CLANG_WARN_DIRECT_OBJC_ISA_USAGE = YES_ERROR;
				CLANG_WARN_EMPTY_BODY = YES;
				CLANG_WARN_ENUM_CONVERSION = YES;
				CLANG_WARN_INT_CONVERSION = YES;
				CLANG_WARN_OBJC_ROOT_CLASS = YES_ERROR;
				CLANG_WARN_UNREACHABLE_CODE = YES;
				CLANG_WARN__DUPLICATE_METHOD_MATCH = YES;
				CODE_SIGN_IDENTITY = "iPhone Developer";
				"CODE_SIGN_IDENTITY[sdk=iphoneos*]" = "iPhone Developer";
				COPY_PHASE_STRIP = NO;
				DEBUG_INFORMATION_FORMAT = "dwarf-with-dsym";
				ENABLE_NS_ASSERTIONS = NO;
				ENABLE_STRICT_OBJC_MSGSEND = YES;
				GCC_C_LANGUAGE_STANDARD = gnu99;
				GCC_NO_COMMON_BLOCKS = YES;
				GCC_WARN_64_TO_32_BIT_CONVERSION = YES;
				GCC_WARN_ABOUT_RETURN_TYPE = YES_ERROR;
				GCC_WARN_UNDECLARED_SELECTOR = YES;
				GCC_WARN_UNINITIALIZED_AUTOS = YES_AGGRESSIVE;
				GCC_WARN_UNUSED_FUNCTION = YES;
				GCC_WARN_UNUSED_VARIABLE = YES;
				IPHONEOS_DEPLOYMENT_TARGET = 9.2;
				MTL_ENABLE_DEBUG_INFO = NO;
				PROVISIONING_PROFILE = "7e16c3b5-ec9a-411d-8320-173dcbe2828f";
				SDKROOT = iphoneos;
				VALIDATE_PRODUCT = YES;
			};
			name = Release;
		};
		B578A2831C22B08700C6B47C /* Debug */ = {
			isa = XCBuildConfiguration;
			buildSettings = {
				ASSETCATALOG_COMPILER_APPICON_NAME = AppIcon;
				CODE_SIGN_IDENTITY = "iPhone Developer";
				"CODE_SIGN_IDENTITY[sdk=iphoneos*]" = "iPhone Developer";
				INFOPLIST_FILE = Ton_DrawWithOpenGL/Info.plist;
				LD_RUNPATH_SEARCH_PATHS = "$(inherited) @executable_path/Frameworks";
				PRODUCT_BUNDLE_IDENTIFIER = "com.wang.Ton-DrawWithOpenGL";
				PRODUCT_NAME = "$(TARGET_NAME)";
				PROVISIONING_PROFILE = "";
			};
			name = Debug;
		};
		B578A2841C22B08700C6B47C /* Release */ = {
			isa = XCBuildConfiguration;
			buildSettings = {
				ASSETCATALOG_COMPILER_APPICON_NAME = AppIcon;
				CODE_SIGN_IDENTITY = "iPhone Developer";
				"CODE_SIGN_IDENTITY[sdk=iphoneos*]" = "iPhone Developer";
				INFOPLIST_FILE = Ton_DrawWithOpenGL/Info.plist;
				LD_RUNPATH_SEARCH_PATHS = "$(inherited) @executable_path/Frameworks";
				PRODUCT_BUNDLE_IDENTIFIER = "com.wang.Ton-DrawWithOpenGL";
				PRODUCT_NAME = "$(TARGET_NAME)";
				PROVISIONING_PROFILE = "";
			};
			name = Release;
		};
		B578A2861C22B08700C6B47C /* Debug */ = {
			isa = XCBuildConfiguration;
			buildSettings = {
				BUNDLE_LOADER = "$(TEST_HOST)";
				INFOPLIST_FILE = Ton_DrawWithOpenGLTests/Info.plist;
				LD_RUNPATH_SEARCH_PATHS = "$(inherited) @executable_path/Frameworks @loader_path/Frameworks";
				PRODUCT_BUNDLE_IDENTIFIER = "com.wang.Ton-DrawWithOpenGLTests";
				PRODUCT_NAME = "$(TARGET_NAME)";
				TEST_HOST = "$(BUILT_PRODUCTS_DIR)/Ton_DrawWithOpenGL.app/Ton_DrawWithOpenGL";
			};
			name = Debug;
		};
		B578A2871C22B08700C6B47C /* Release */ = {
			isa = XCBuildConfiguration;
			buildSettings = {
				BUNDLE_LOADER = "$(TEST_HOST)";
				INFOPLIST_FILE = Ton_DrawWithOpenGLTests/Info.plist;
				LD_RUNPATH_SEARCH_PATHS = "$(inherited) @executable_path/Frameworks @loader_path/Frameworks";
				PRODUCT_BUNDLE_IDENTIFIER = "com.wang.Ton-DrawWithOpenGLTests";
				PRODUCT_NAME = "$(TARGET_NAME)";
				TEST_HOST = "$(BUILT_PRODUCTS_DIR)/Ton_DrawWithOpenGL.app/Ton_DrawWithOpenGL";
			};
			name = Release;
		};
		B578A2891C22B08700C6B47C /* Debug */ = {
			isa = XCBuildConfiguration;
			buildSettings = {
				INFOPLIST_FILE = Ton_DrawWithOpenGLUITests/Info.plist;
				LD_RUNPATH_SEARCH_PATHS = "$(inherited) @executable_path/Frameworks @loader_path/Frameworks";
				PRODUCT_BUNDLE_IDENTIFIER = "com.wang.Ton-DrawWithOpenGLUITests";
				PRODUCT_NAME = "$(TARGET_NAME)";
				TEST_TARGET_NAME = Ton_DrawWithOpenGL;
				USES_XCTRUNNER = YES;
			};
			name = Debug;
		};
		B578A28A1C22B08700C6B47C /* Release */ = {
			isa = XCBuildConfiguration;
			buildSettings = {
				INFOPLIST_FILE = Ton_DrawWithOpenGLUITests/Info.plist;
				LD_RUNPATH_SEARCH_PATHS = "$(inherited) @executable_path/Frameworks @loader_path/Frameworks";
				PRODUCT_BUNDLE_IDENTIFIER = "com.wang.Ton-DrawWithOpenGLUITests";
				PRODUCT_NAME = "$(TARGET_NAME)";
				TEST_TARGET_NAME = Ton_DrawWithOpenGL;
				USES_XCTRUNNER = YES;
			};
			name = Release;
		};
/* End XCBuildConfiguration section */

/* Begin XCConfigurationList section */
		B578A2501C22B08700C6B47C /* Build configuration list for PBXProject "Ton_DrawWithOpenGL" */ = {
			isa = XCConfigurationList;
			buildConfigurations = (
				B578A2801C22B08700C6B47C /* Debug */,
				B578A2811C22B08700C6B47C /* Release */,
			);
			defaultConfigurationIsVisible = 0;
			defaultConfigurationName = Release;
		};
		B578A2821C22B08700C6B47C /* Build configuration list for PBXNativeTarget "Ton_DrawWithOpenGL" */ = {
			isa = XCConfigurationList;
			buildConfigurations = (
				B578A2831C22B08700C6B47C /* Debug */,
				B578A2841C22B08700C6B47C /* Release */,
			);
			defaultConfigurationIsVisible = 0;
			defaultConfigurationName = Release;
		};
		B578A2851C22B08700C6B47C /* Build configuration list for PBXNativeTarget "Ton_DrawWithOpenGLTests" */ = {
			isa = XCConfigurationList;
			buildConfigurations = (
				B578A2861C22B08700C6B47C /* Debug */,
				B578A2871C22B08700C6B47C /* Release */,
			);
			defaultConfigurationIsVisible = 0;
			defaultConfigurationName = Release;
		};
		B578A2881C22B08700C6B47C /* Build configuration list for PBXNativeTarget "Ton_DrawWithOpenGLUITests" */ = {
			isa = XCConfigurationList;
			buildConfigurations = (
				B578A2891C22B08700C6B47C /* Debug */,
				B578A28A1C22B08700C6B47C /* Release */,
			);
			defaultConfigurationIsVisible = 0;
			defaultConfigurationName = Release;
		};
/* End XCConfigurationList section */
	};
	rootObject = B578A24D1C22B08700C6B47C /* Project object */;
}
